PODS:
  - Alamofire (4.9.1)
  - CarbonKit (2.3.1)
  - GoogleMaps (3.8.2):
    - GoogleMaps/Maps (= 3.8.2)
  - GoogleMaps/Base (3.8.2)
  - GoogleMaps/Maps (3.8.2):
    - GoogleMaps/Base
  - libwebp (1.1.0):
    - libwebp/demux (= 1.1.0)
    - libwebp/mux (= 1.1.0)
    - libwebp/webp (= 1.1.0)
  - libwebp/demux (1.1.0):
    - libwebp/webp
  - libwebp/mux (1.1.0):
    - libwebp/demux
  - libwebp/webp (1.1.0)
  - NVActivityIndicatorView (4.8.0):
    - NVActivityIndicatorView/Presenter (= 4.8.0)
  - NVActivityIndicatorView/Presenter (4.8.0)
  - SDWebImage/Core (4.4.8)
  - SDWebImage/WebP (4.4.8):
    - libwebp (< 2.0, >= 0.5)
    - SDWebImage/Core
  - SJSegmentedScrollView (1.5.0)
  - SwiftyJSON (5.0.0)
  - Toast-Swift (5.0.1)

DEPENDENCIES:
  - Alamofire (~> 4.0)
  - CarbonKit
  - GoogleMaps
  - NVActivityIndicatorView
  - SDWebImage/WebP
  - SJSegmentedScrollView
  - SwiftyJSON
  - Toast-Swift

SPEC REPOS:
  trunk:
    - Alamofire
    - CarbonKit
    - GoogleMaps
    - libwebp
    - NVActivityIndicatorView
    - SDWebImage
    - SJSegmentedScrollView
    - SwiftyJSON
    - Toast-Swift

SPEC CHECKSUMS:
  Alamofire: 85e8a02c69d6020a0d734f6054870d7ecb75cf18
  CarbonKit: b60e24dbdb47179990d5e074efa87ab819c8de98
  GoogleMaps: ae0efe10e9c40bcd9decd0c9fd53d947af7801a3
  libwebp: 946cb3063cea9236285f7e9a8505d806d30e07f3
  NVActivityIndicatorView: d24b7ebcf80af5dcd994adb650e2b6c93379270f
  SDWebImage: 783af2c3fa36291a250030c4752ee370a9a51d13
  SJSegmentedScrollView: 67ca97389a9c3a409d3b54c88781f031f5091c61
  SwiftyJSON: 36413e04c44ee145039d332b4f4e2d3e8d6c4db7
  Toast-Swift: 9b6a70f28b3bf0b96c40d46c0c4b9d6639846711

PODFILE CHECKSUM: 0e73e7f096a9ca837dc362e12317d8f247cfaeb4

COCOAPODS: 1.9.3
